<?xml version="1.0" encoding="utf-8"?>
<Project ToolsVersion="4.0" xmlns="http://schemas.microsoft.com/developer/msbuild/2003">
  <ItemGroup>
    <Filter Include="Resource Files">
      <UniqueIdentifier>{67DA6AB6-F800-4c08-8B7A-83BB121AAD01}</UniqueIdentifier>
      <Extensions>rc;ico;cur;bmp;dlg;rc2;rct;bin;rgs;gif;jpg;jpeg;jpe;resx;tiff;tif;png;wav;mfcribbon-ms</Extensions>
    </Filter>
    <Filter Include="Core">
      <UniqueIdentifier>{b7e9251a-504b-40ba-90de-6ec373c0c67c}</UniqueIdentifier>
    </Filter>
    <Filter Include="Core\Math">
      <UniqueIdentifier>{8ae7146c-ff24-4bd3-aca2-f0ffc63c9e0d}</UniqueIdentifier>
    </Filter>
  </ItemGroup>
  <ItemGroup>
    <ClInclude Include="Core\Math\matrix3x4f.h">
      <Filter>Core\Math</Filter>
    </ClInclude>
    <ClInclude Include="Core\Math\quaternion.h">
      <Filter>Core\Math</Filter>
    </ClInclude>
    <ClInclude Include="Core\Math\vector3f.h">
      <Filter>Core\Math</Filter>
    </ClInclude>
    <ClInclude Include="Core\debug.h">
      <Filter>Core</Filter>
    </ClInclude>
    <ClInclude Include="Core\core.h">
      <Filter>Core</Filter>
    </ClInclude>
    <ClInclude Include="application.h" />
    <ClInclude Include="Core\windowing_system.h">
      <Filter>Core</Filter>
    </ClInclude>
    <ClInclude Include="pch.h" />
    <ClInclude Include="Core\rendering_system.h">
      <Filter>Core</Filter>
    </ClInclude>
  </ItemGroup>
  <ItemGroup>
    <ClCompile Include="Core\Math\matrix3x4f.cpp">
      <Filter>Core\Math</Filter>
    </ClCompile>
    <ClCompile Include="Core\Math\quaternion.cpp">
      <Filter>Core\Math</Filter>
    </ClCompile>
    <ClCompile Include="Core\Math\vector3f.cpp">
      <Filter>Core\Math</Filter>
    </ClCompile>
    <ClCompile Include="Core\debug.cpp">
      <Filter>Core</Filter>
    </ClCompile>
    <ClCompile Include="application.cpp" />
    <ClCompile Include="Core\windowing_system.cpp">
      <Filter>Core</Filter>
    </ClCompile>
    <ClCompile Include="Core\rendering_system.cpp">
      <Filter>Core</Filter>
    </ClCompile>
  </ItemGroup>
</Project>